
Microsoft Visual Studio Solution File, Format Version 12.00
# Visual Studio Version 16
VisualStudioVersion = 16.0.28902.138
MinimumVisualStudioVersion = 10.0.40219.1
Project("{9A19103F-16F7-4668-BE54-9A1E7A4F7556}") = "MyApp", "MyApp\MyApp.csproj", "{DDEE56EC-4CB2-4DC4-8643-E4D490D39FE8}"
EndProject
Project("{FAE04EC0-301F-11D3-BF4B-00C04F79EFBC}") = "ClassLibrary1", "ClassLibrary1\ClassLibrary1.csproj", "{46FB849A-7DE8-455F-8FB6-FEB0E4E81BCA}"
EndProject
Global
	GlobalSection(SolutionConfigurationPlatforms) = preSolution
		Debug|Any CPU = Debug|Any CPU
		Release|Any CPU = Release|Any CPU
	EndGlobalSection
	GlobalSection(ProjectConfigurationPlatforms) = postSolution
		{DDEE56EC-4CB2-4DC4-8643-E4D490D39FE8}.Debug|Any CPU.ActiveCfg = Debug|Any CPU
		{DDEE56EC-4CB2-4DC4-8643-E4D490D39FE8}.Debug|Any CPU.Build.0 = Debug|Any CPU
		{DDEE56EC-4CB2-4DC4-8643-E4D490D39FE8}.Release|Any CPU.ActiveCfg = Release|Any CPU
		{DDEE56EC-4CB2-4DC4-8643-E4D490D39FE8}.Release|Any CPU.Build.0 = Release|Any CPU
		{46FB849A-7DE8-455F-8FB6-FEB0E4E81BCA}.Debug|Any CPU.ActiveCfg = Debug|Any CPU
		{46FB849A-7DE8-455F-8FB6-FEB0E4E81BCA}.Debug|Any CPU.Build.0 = Debug|Any CPU
		{46FB849A-7DE8-455F-8FB6-FEB0E4E81BCA}.Release|Any CPU.ActiveCfg = Release|Any CPU
		{46FB849A-7DE8-455F-8FB6-FEB0E4E81BCA}.Release|Any CPU.Build.0 = Release|Any CPU
	EndGlobalSection
	GlobalSection(SolutionProperties) = preSolution
		HideSolutionNode = FALSE
	EndGlobalSection
	GlobalSection(ExtensibilityGlobals) = postSolution
		SolutionGuid = {073608A1-83CF-49C8-8F5D-46E5F35AC0A0}
	EndGlobalSection
EndGlobal
